// !$*UTF8*$!
{
	archiveVersion = 1;
	classes = {
	};
	objectVersion = 48;
	objects = {

/* Begin PBXBuildFile section */
		AB5057E11F9605A7005262D4 /* AppDelegate.swift in Sources */ = {isa = PBXBuildFile; fileRef = AB5057E01F9605A7005262D4 /* AppDelegate.swift */; };
		AB5057E31F9605A7005262D4 /* ViewController.swift in Sources */ = {isa = PBXBuildFile; fileRef = AB5057E21F9605A7005262D4 /* ViewController.swift */; };
		AB5057E61F9605A7005262D4 /* Main.storyboard in Resources */ = {isa = PBXBuildFile; fileRef = AB5057E41F9605A7005262D4 /* Main.storyboard */; };
		AB5057E81F9605A7005262D4 /* Assets.xcassets in Resources */ = {isa = PBXBuildFile; fileRef = AB5057E71F9605A7005262D4 /* Assets.xcassets */; };
		AB5057EB1F9605A7005262D4 /* LaunchScreen.storyboard in Resources */ = {isa = PBXBuildFile; fileRef = AB5057E91F9605A7005262D4 /* LaunchScreen.storyboard */; };
		AB5057F61F9605A7005262D4 /* FirstAppTests.swift in Sources */ = {isa = PBXBuildFile; fileRef = AB5057F51F9605A7005262D4 /* FirstAppTests.swift */; };
		AB5058011F9605A7005262D4 /* FirstAppUITests.swift in Sources */ = {isa = PBXBuildFile; fileRef = AB5058001F9605A7005262D4 /* FirstAppUITests.swift */; };
		ABBFB8121FA2699700DDEF83 /* Kajal Eau de Parfum.jpg in Resources */ = {isa = PBXBuildFile; fileRef = ABBFB8091FA2699700DDEF83 /* Kajal Eau de Parfum.jpg */; };
		ABBFB8131FA2699700DDEF83 /* Milano Collection 2014.jpg in Resources */ = {isa = PBXBuildFile; fileRef = ABBFB80A1FA2699700DDEF83 /* Milano Collection 2014.jpg */; };
		ABBFB8141FA2699700DDEF83 /* Milano Collection 2011.jpeg in Resources */ = {isa = PBXBuildFile; fileRef = ABBFB80B1FA2699700DDEF83 /* Milano Collection 2011.jpeg */; };
		ABBFB8151FA2699700DDEF83 /* Lilirose.jpg in Resources */ = {isa = PBXBuildFile; fileRef = ABBFB80C1FA2699700DDEF83 /* Lilirose.jpg */; };
		ABBFB8161FA2699700DDEF83 /* Milano Collection 2009.png in Resources */ = {isa = PBXBuildFile; fileRef = ABBFB80D1FA2699700DDEF83 /* Milano Collection 2009.png */; };
		ABBFB8171FA2699700DDEF83 /* Saint 2017.jpg in Resources */ = {isa = PBXBuildFile; fileRef = ABBFB80E1FA2699700DDEF83 /* Saint 2017.jpg */; };
		ABBFB8181FA2699700DDEF83 /* Kapsule Woody.jpg in Resources */ = {isa = PBXBuildFile; fileRef = ABBFB80F1FA2699700DDEF83 /* Kapsule Woody.jpg */; };
		ABBFB8191FA2699700DDEF83 /* Sun Moon Stars.jpg in Resources */ = {isa = PBXBuildFile; fileRef = ABBFB8101FA2699700DDEF83 /* Sun Moon Stars.jpg */; };
		ABBFB81A1FA2699700DDEF83 /* Lagerfeld Men.jpg in Resources */ = {isa = PBXBuildFile; fileRef = ABBFB8111FA2699700DDEF83 /* Lagerfeld Men.jpg */; };
/* End PBXBuildFile section */

/* Begin PBXContainerItemProxy section */
		AB5057F21F9605A7005262D4 /* PBXContainerItemProxy */ = {
			isa = PBXContainerItemProxy;
			containerPortal = AB5057D51F9605A7005262D4 /* Project object */;
			proxyType = 1;
			remoteGlobalIDString = AB5057DC1F9605A7005262D4;
			remoteInfo = FirstApp;
		};
		AB5057FD1F9605A7005262D4 /* PBXContainerItemProxy */ = {
			isa = PBXContainerItemProxy;
			containerPortal = AB5057D51F9605A7005262D4 /* Project object */;
			proxyType = 1;
			remoteGlobalIDString = AB5057DC1F9605A7005262D4;
			remoteInfo = FirstApp;
		};
/* End PBXContainerItemProxy section */

/* Begin PBXFileReference section */
		AB5057DD1F9605A7005262D4 /* FirstApp.app */ = {isa = PBXFileReference; explicitFileType = wrapper.application; includeInIndex = 0; path = FirstApp.app; sourceTree = BUILT_PRODUCTS_DIR; };
		AB5057E01F9605A7005262D4 /* AppDelegate.swift */ = {isa = PBXFileReference; lastKnownFileType = sourcecode.swift; path = AppDelegate.swift; sourceTree = "<group>"; };
		AB5057E21F9605A7005262D4 /* ViewController.swift */ = {isa = PBXFileReference; lastKnownFileType = sourcecode.swift; path = ViewController.swift; sourceTree = "<group>"; };
		AB5057E51F9605A7005262D4 /* Base */ = {isa = PBXFileReference; lastKnownFileType = file.storyboard; name = Base; path = Base.lproj/Main.storyboard; sourceTree = "<group>"; };
		AB5057E71F9605A7005262D4 /* Assets.xcassets */ = {isa = PBXFileReference; lastKnownFileType = folder.assetcatalog; path = Assets.xcassets; sourceTree = "<group>"; };
		AB5057EA1F9605A7005262D4 /* Base */ = {isa = PBXFileReference; lastKnownFileType = file.storyboard; name = Base; path = Base.lproj/LaunchScreen.storyboard; sourceTree = "<group>"; };
		AB5057EC1F9605A7005262D4 /* Info.plist */ = {isa = PBXFileReference; lastKnownFileType = text.plist.xml; path = Info.plist; sourceTree = "<group>"; };
		AB5057F11F9605A7005262D4 /* FirstAppTests.xctest */ = {isa = PBXFileReference; explicitFileType = wrapper.cfbundle; includeInIndex = 0; path = FirstAppTests.xctest; sourceTree = BUILT_PRODUCTS_DIR; };
		AB5057F51F9605A7005262D4 /* FirstAppTests.swift */ = {isa = PBXFileReference; lastKnownFileType = sourcecode.swift; path = FirstAppTests.swift; sourceTree = "<group>"; };
		AB5057F71F9605A7005262D4 /* Info.plist */ = {isa = PBXFileReference; lastKnownFileType = text.plist.xml; path = Info.plist; sourceTree = "<group>"; };
		AB5057FC1F9605A7005262D4 /* FirstAppUITests.xctest */ = {isa = PBXFileReference; explicitFileType = wrapper.cfbundle; includeInIndex = 0; path = FirstAppUITests.xctest; sourceTree = BUILT_PRODUCTS_DIR; };
		AB5058001F9605A7005262D4 /* FirstAppUITests.swift */ = {isa = PBXFileReference; lastKnownFileType = sourcecode.swift; path = FirstAppUITests.swift; sourceTree = "<group>"; };
		AB5058021F9605A7005262D4 /* Info.plist */ = {isa = PBXFileReference; lastKnownFileType = text.plist.xml; path = Info.plist; sourceTree = "<group>"; };
		ABBFB8091FA2699700DDEF83 /* Kajal Eau de Parfum.jpg */ = {isa = PBXFileReference; lastKnownFileType = image.jpeg; path = "Kajal Eau de Parfum.jpg"; sourceTree = "<group>"; };
		ABBFB80A1FA2699700DDEF83 /* Milano Collection 2014.jpg */ = {isa = PBXFileReference; lastKnownFileType = image.jpeg; path = "Milano Collection 2014.jpg"; sourceTree = "<group>"; };
		ABBFB80B1FA2699700DDEF83 /* Milano Collection 2011.jpeg */ = {isa = PBXFileReference; lastKnownFileType = image.jpeg; path = "Milano Collection 2011.jpeg"; sourceTree = "<group>"; };
		ABBFB80C1FA2699700DDEF83 /* Lilirose.jpg */ = {isa = PBXFileReference; lastKnownFileType = image.jpeg; path = Lilirose.jpg; sourceTree = "<group>"; };
		ABBFB80D1FA2699700DDEF83 /* Milano Collection 2009.png */ = {isa = PBXFileReference; lastKnownFileType = image.png; path = "Milano Collection 2009.png"; sourceTree = "<group>"; };
		ABBFB80E1FA2699700DDEF83 /* Saint 2017.jpg */ = {isa = PBXFileReference; lastKnownFileType = image.jpeg; path = "Saint 2017.jpg"; sourceTree = "<group>"; };
		ABBFB80F1FA2699700DDEF83 /* Kapsule Woody.jpg */ = {isa = PBXFileReference; lastKnownFileType = image.jpeg; path = "Kapsule Woody.jpg"; sourceTree = "<group>"; };
		ABBFB8101FA2699700DDEF83 /* Sun Moon Stars.jpg */ = {isa = PBXFileReference; lastKnownFileType = image.jpeg; path = "Sun Moon Stars.jpg"; sourceTree = "<group>"; };
		ABBFB8111FA2699700DDEF83 /* Lagerfeld Men.jpg */ = {isa = PBXFileReference; lastKnownFileType = image.jpeg; path = "Lagerfeld Men.jpg"; sourceTree = "<group>"; };
/* End PBXFileReference section */

/* Begin PBXFrameworksBuildPhase section */
		AB5057DA1F9605A7005262D4 /* Frameworks */ = {
			isa = PBXFrameworksBuildPhase;
			buildActionMask = 2147483647;
			files = (
			);
			runOnlyForDeploymentPostprocessing = 0;
		};
		AB5057EE1F9605A7005262D4 /* Frameworks */ = {
			isa = PBXFrameworksBuildPhase;
			buildActionMask = 2147483647;
			files = (
			);
			runOnlyForDeploymentPostprocessing = 0;
		};
		AB5057F91F9605A7005262D4 /* Frameworks */ = {
			isa = PBXFrameworksBuildPhase;
			buildActionMask = 2147483647;
			files = (
			);
			runOnlyForDeploymentPostprocessing = 0;
		};
/* End PBXFrameworksBuildPhase section */

/* Begin PBXGroup section */
		AB5057D41F9605A7005262D4 = {
			isa = PBXGroup;
			children = (
				AB5057DF1F9605A7005262D4 /* FirstApp */,
				AB5057F41F9605A7005262D4 /* FirstAppTests */,
				AB5057FF1F9605A7005262D4 /* FirstAppUITests */,
				AB5057DE1F9605A7005262D4 /* Products */,
			);
			sourceTree = "<group>";
		};
		AB5057DE1F9605A7005262D4 /* Products */ = {
			isa = PBXGroup;
			children = (
				AB5057DD1F9605A7005262D4 /* FirstApp.app */,
				AB5057F11F9605A7005262D4 /* FirstAppTests.xctest */,
				AB5057FC1F9605A7005262D4 /* FirstAppUITests.xctest */,
			);
			name = Products;
			sourceTree = "<group>";
		};
		AB5057DF1F9605A7005262D4 /* FirstApp */ = {
			isa = PBXGroup;
			children = (
				ABBFB8081FA2694A00DDEF83 /* Pictures */,
				AB5057E01F9605A7005262D4 /* AppDelegate.swift */,
				AB5057E21F9605A7005262D4 /* ViewController.swift */,
				AB5057E41F9605A7005262D4 /* Main.storyboard */,
				AB5057E71F9605A7005262D4 /* Assets.xcassets */,
				AB5057E91F9605A7005262D4 /* LaunchScreen.storyboard */,
				AB5057EC1F9605A7005262D4 /* Info.plist */,
			);
			path = FirstApp;
			sourceTree = "<group>";
		};
		AB5057F41F9605A7005262D4 /* FirstAppTests */ = {
			isa = PBXGroup;
			children = (
				AB5057F51F9605A7005262D4 /* FirstAppTests.swift */,
				AB5057F71F9605A7005262D4 /* Info.plist */,
			);
			path = FirstAppTests;
			sourceTree = "<group>";
		};
		AB5057FF1F9605A7005262D4 /* FirstAppUITests */ = {
			isa = PBXGroup;
			children = (
				AB5058001F9605A7005262D4 /* FirstAppUITests.swift */,
				AB5058021F9605A7005262D4 /* Info.plist */,
			);
			path = FirstAppUITests;
			sourceTree = "<group>";
		};
		ABBFB8081FA2694A00DDEF83 /* Pictures */ = {
			isa = PBXGroup;
			children = (
				ABBFB8091FA2699700DDEF83 /* Kajal Eau de Parfum.jpg */,
				ABBFB80F1FA2699700DDEF83 /* Kapsule Woody.jpg */,
				ABBFB8111FA2699700DDEF83 /* Lagerfeld Men.jpg */,
				ABBFB80C1FA2699700DDEF83 /* Lilirose.jpg */,
				ABBFB80D1FA2699700DDEF83 /* Milano Collection 2009.png */,
				ABBFB80B1FA2699700DDEF83 /* Milano Collection 2011.jpeg */,
				ABBFB80A1FA2699700DDEF83 /* Milano Collection 2014.jpg */,
				ABBFB80E1FA2699700DDEF83 /* Saint 2017.jpg */,
				ABBFB8101FA2699700DDEF83 /* Sun Moon Stars.jpg */,
			);
			path = Pictures;
			sourceTree = "<group>";
		};
/* End PBXGroup section */

/* Begin PBXNativeTarget section */
		AB5057DC1F9605A7005262D4 /* FirstApp */ = {
			isa = PBXNativeTarget;
			buildConfigurationList = AB5058051F9605A7005262D4 /* Build configuration list for PBXNativeTarget "FirstApp" */;
			buildPhases = (
				AB5057D91F9605A7005262D4 /* Sources */,
				AB5057DA1F9605A7005262D4 /* Frameworks */,
				AB5057DB1F9605A7005262D4 /* Resources */,
			);
			buildRules = (
			);
			dependencies = (
			);
			name = FirstApp;
			productName = FirstApp;
			productReference = AB5057DD1F9605A7005262D4 /* FirstApp.app */;
			productType = "com.apple.product-type.application";
		};
		AB5057F01F9605A7005262D4 /* FirstAppTests */ = {
			isa = PBXNativeTarget;
			buildConfigurationList = AB5058081F9605A7005262D4 /* Build configuration list for PBXNativeTarget "FirstAppTests" */;
			buildPhases = (
				AB5057ED1F9605A7005262D4 /* Sources */,
				AB5057EE1F9605A7005262D4 /* Frameworks */,
				AB5057EF1F9605A7005262D4 /* Resources */,
			);
			buildRules = (
			);
			dependencies = (
				AB5057F31F9605A7005262D4 /* PBXTargetDependency */,
			);
			name = FirstAppTests;
			productName = FirstAppTests;
			productReference = AB5057F11F9605A7005262D4 /* FirstAppTests.xctest */;
			productType = "com.apple.product-type.bundle.unit-test";
		};
		AB5057FB1F9605A7005262D4 /* FirstAppUITests */ = {
			isa = PBXNativeTarget;
			buildConfigurationList = AB50580B1F9605A7005262D4 /* Build configuration list for PBXNativeTarget "FirstAppUITests" */;
			buildPhases = (
				AB5057F81F9605A7005262D4 /* Sources */,
				AB5057F91F9605A7005262D4 /* Frameworks */,
				AB5057FA1F9605A7005262D4 /* Resources */,
			);
			buildRules = (
			);
			dependencies = (
				AB5057FE1F9605A7005262D4 /* PBXTargetDependency */,
			);
			name = FirstAppUITests;
			productName = FirstAppUITests;
			productReference = AB5057FC1F9605A7005262D4 /* FirstAppUITests.xctest */;
			productType = "com.apple.product-type.bundle.ui-testing";
		};
/* End PBXNativeTarget section */

/* Begin PBXProject section */
		AB5057D51F9605A7005262D4 /* Project object */ = {
			isa = PBXProject;
			attributes = {
				LastSwiftUpdateCheck = 0900;
				LastUpgradeCheck = 0900;
				ORGANIZATIONNAME = CSU;
				TargetAttributes = {
					AB5057DC1F9605A7005262D4 = {
						CreatedOnToolsVersion = 9.0;
						ProvisioningStyle = Automatic;
					};
					AB5057F01F9605A7005262D4 = {
						CreatedOnToolsVersion = 9.0;
						ProvisioningStyle = Automatic;
						TestTargetID = AB5057DC1F9605A7005262D4;
					};
					AB5057FB1F9605A7005262D4 = {
						CreatedOnToolsVersion = 9.0;
						ProvisioningStyle = Automatic;
						TestTargetID = AB5057DC1F9605A7005262D4;
					};
				};
			};
			buildConfigurationList = AB5057D81F9605A7005262D4 /* Build configuration list for PBXProject "FirstApp" */;
			compatibilityVersion = "Xcode 8.0";
			developmentRegion = en;
			hasScannedForEncodings = 0;
			knownRegions = (
				en,
				Base,
			);
			mainGroup = AB5057D41F9605A7005262D4;
			productRefGroup = AB5057DE1F9605A7005262D4 /* Products */;
			projectDirPath = "";
			projectRoot = "";
			targets = (
				AB5057DC1F9605A7005262D4 /* FirstApp */,
				AB5057F01F9605A7005262D4 /* FirstAppTests */,
				AB5057FB1F9605A7005262D4 /* FirstAppUITests */,
			);
		};
/* End PBXProject section */

/* Begin PBXResourcesBuildPhase section */
		AB5057DB1F9605A7005262D4 /* Resources */ = {
			isa = PBXResourcesBuildPhase;
			buildActionMask = 2147483647;
			files = (
				ABBFB8131FA2699700DDEF83 /* Milano Collection 2014.jpg in Resources */,
				ABBFB8121FA2699700DDEF83 /* Kajal Eau de Parfum.jpg in Resources */,
				ABBFB8171FA2699700DDEF83 /* Saint 2017.jpg in Resources */,
				AB5057EB1F9605A7005262D4 /* LaunchScreen.storyboard in Resources */,
				AB5057E81F9605A7005262D4 /* Assets.xcassets in Resources */,
				ABBFB8191FA2699700DDEF83 /* Sun Moon Stars.jpg in Resources */,
				ABBFB81A1FA2699700DDEF83 /* Lagerfeld Men.jpg in Resources */,
				ABBFB8181FA2699700DDEF83 /* Kapsule Woody.jpg in Resources */,
				ABBFB8161FA2699700DDEF83 /* Milano Collection 2009.png in Resources */,
				AB5057E61F9605A7005262D4 /* Main.storyboard in Resources */,
				ABBFB8151FA2699700DDEF83 /* Lilirose.jpg in Resources */,
				ABBFB8141FA2699700DDEF83 /* Milano Collection 2011.jpeg in Resources */,
			);
			runOnlyForDeploymentPostprocessing = 0;
		};
		AB5057EF1F9605A7005262D4 /* Resources */ = {
			isa = PBXResourcesBuildPhase;
			buildActionMask = 2147483647;
			files = (
			);
			runOnlyForDeploymentPostprocessing = 0;
		};
		AB5057FA1F9605A7005262D4 /* Resources */ = {
			isa = PBXResourcesBuildPhase;
			buildActionMask = 2147483647;
			files = (
			);
			runOnlyForDeploymentPostprocessing = 0;
		};
/* End PBXResourcesBuildPhase section */

/* Begin PBXSourcesBuildPhase section */
		AB5057D91F9605A7005262D4 /* Sources */ = {
			isa = PBXSourcesBuildPhase;
			buildActionMask = 2147483647;
			files = (
				AB5057E31F9605A7005262D4 /* ViewController.swift in Sources */,
				AB5057E11F9605A7005262D4 /* AppDelegate.swift in Sources */,
			);
			runOnlyForDeploymentPostprocessing = 0;
		};
		AB5057ED1F9605A7005262D4 /* Sources */ = {
			isa = PBXSourcesBuildPhase;
			buildActionMask = 2147483647;
			files = (
				AB5057F61F9605A7005262D4 /* FirstAppTests.swift in Sources */,
			);
			runOnlyForDeploymentPostprocessing = 0;
		};
		AB5057F81F9605A7005262D4 /* Sources */ = {
			isa = PBXSourcesBuildPhase;
			buildActionMask = 2147483647;
			files = (
				AB5058011F9605A7005262D4 /* FirstAppUITests.swift in Sources */,
			);
			runOnlyForDeploymentPostprocessing = 0;
		};
/* End PBXSourcesBuildPhase section */

/* Begin PBXTargetDependency section */
		AB5057F31F9605A7005262D4 /* PBXTargetDependency */ = {
			isa = PBXTargetDependency;
			target = AB5057DC1F9605A7005262D4 /* FirstApp */;
			targetProxy = AB5057F21F9605A7005262D4 /* PBXContainerItemProxy */;
		};
		AB5057FE1F9605A7005262D4 /* PBXTargetDependency */ = {
			isa = PBXTargetDependency;
			target = AB5057DC1F9605A7005262D4 /* FirstApp */;
			targetProxy = AB5057FD1F9605A7005262D4 /* PBXContainerItemProxy */;
		};
/* End PBXTargetDependency section */

/* Begin PBXVariantGroup section */
		AB5057E41F9605A7005262D4 /* Main.storyboard */ = {
			isa = PBXVariantGroup;
			children = (
				AB5057E51F9605A7005262D4 /* Base */,
			);
			name = Main.storyboard;
			sourceTree = "<group>";
		};
		AB5057E91F9605A7005262D4 /* LaunchScreen.storyboard */ = {
			isa = PBXVariantGroup;
			children = (
				AB5057EA1F9605A7005262D4 /* Base */,
			);
			name = LaunchScreen.storyboard;
			sourceTree = "<group>";
		};
/* End PBXVariantGroup section */

/* Begin XCBuildConfiguration section */
		AB5058031F9605A7005262D4 /* Debug */ = {
			isa = XCBuildConfiguration;
			buildSettings = {
				ALWAYS_SEARCH_USER_PATHS = NO;
				CLANG_ANALYZER_NONNULL = YES;
				CLANG_ANALYZER_NUMBER_OBJECT_CONVERSION = YES_AGGRESSIVE;
				CLANG_CXX_LANGUAGE_STANDARD = "gnu++14";
				CLANG_CXX_LIBRARY = "libc++";
				CLANG_ENABLE_MODULES = YES;
				CLANG_ENABLE_OBJC_ARC = YES;
				CLANG_WARN_BLOCK_CAPTURE_AUTORELEASING = YES;
				CLANG_WARN_BOOL_CONVERSION = YES;
				CLANG_WARN_COMMA = YES;
				CLANG_WARN_CONSTANT_CONVERSION = YES;
				CLANG_WARN_DIRECT_OBJC_ISA_USAGE = YES_ERROR;
				CLANG_WARN_DOCUMENTATION_COMMENTS = YES;
				CLANG_WARN_EMPTY_BODY = YES;
				CLANG_WARN_ENUM_CONVERSION = YES;
				CLANG_WARN_INFINITE_RECURSION = YES;
				CLANG_WARN_INT_CONVERSION = YES;
				CLANG_WARN_NON_LITERAL_NULL_CONVERSION = YES;
				CLANG_WARN_OBJC_LITERAL_CONVERSION = YES;
				CLANG_WARN_OBJC_ROOT_CLASS = YES_ERROR;
				CLANG_WARN_RANGE_LOOP_ANALYSIS = YES;
				CLANG_WARN_STRICT_PROTOTYPES = YES;
				CLANG_WARN_SUSPICIOUS_MOVE = YES;
				CLANG_WARN_UNGUARDED_AVAILABILITY = YES_AGGRESSIVE;
				CLANG_WARN_UNREACHABLE_CODE = YES;
				CLANG_WARN__DUPLICATE_METHOD_MATCH = YES;
				CODE_SIGN_IDENTITY = "iPhone Developer";
				COPY_PHASE_STRIP = NO;
				DEBUG_INFORMATION_FORMAT = dwarf;
				ENABLE_STRICT_OBJC_MSGSEND = YES;
				ENABLE_TESTABILITY = YES;
				GCC_C_LANGUAGE_STANDARD = gnu11;
				GCC_DYNAMIC_NO_PIC = NO;
				GCC_NO_COMMON_BLOCKS = YES;
				GCC_OPTIMIZATION_LEVEL = 0;
				GCC_PREPROCESSOR_DEFINITIONS = (
					"DEBUG=1",
					"$(inherited)",
				);
				GCC_WARN_64_TO_32_BIT_CONVERSION = YES;
				GCC_WARN_ABOUT_RETURN_TYPE = YES_ERROR;
				GCC_WARN_UNDECLARED_SELECTOR = YES;
				GCC_WARN_UNINITIALIZED_AUTOS = YES_AGGRESSIVE;
				GCC_WARN_UNUSED_FUNCTION = YES;
				GCC_WARN_UNUSED_VARIABLE = YES;
				IPHONEOS_DEPLOYMENT_TARGET = 11.0;
				MTL_ENABLE_DEBUG_INFO = YES;
				ONLY_ACTIVE_ARCH = YES;
				SDKROOT = iphoneos;
				SWIFT_ACTIVE_COMPILATION_CONDITIONS = DEBUG;
				SWIFT_OPTIMIZATION_LEVEL = "-Onone";
			};
			name = Debug;
		};
		AB5058041F9605A7005262D4 /* Release */ = {
			isa = XCBuildConfiguration;
			buildSettings = {
				ALWAYS_SEARCH_USER_PATHS = NO;
				CLANG_ANALYZER_NONNULL = YES;
				CLANG_ANALYZER_NUMBER_OBJECT_CONVERSION = YES_AGGRESSIVE;
				CLANG_CXX_LANGUAGE_STANDARD = "gnu++14";
				CLANG_CXX_LIBRARY = "libc++";
				CLANG_ENABLE_MODULES = YES;
				CLANG_ENABLE_OBJC_ARC = YES;
				CLANG_WARN_BLOCK_CAPTURE_AUTORELEASING = YES;
				CLANG_WARN_BOOL_CONVERSION = YES;
				CLANG_WARN_COMMA = YES;
				CLANG_WARN_CONSTANT_CONVERSION = YES;
				CLANG_WARN_DIRECT_OBJC_ISA_USAGE = YES_ERROR;
				CLANG_WARN_DOCUMENTATION_COMMENTS = YES;
				CLANG_WARN_EMPTY_BODY = YES;
				CLANG_WARN_ENUM_CONVERSION = YES;
				CLANG_WARN_INFINITE_RECURSION = YES;
				CLANG_WARN_INT_CONVERSION = YES;
				CLANG_WARN_NON_LITERAL_NULL_CONVERSION = YES;
				CLANG_WARN_OBJC_LITERAL_CONVERSION = YES;
				CLANG_WARN_OBJC_ROOT_CLASS = YES_ERROR;
				CLANG_WARN_RANGE_LOOP_ANALYSIS = YES;
				CLANG_WARN_STRICT_PROTOTYPES = YES;
				CLANG_WARN_SUSPICIOUS_MOVE = YES;
				CLANG_WARN_UNGUARDED_AVAILABILITY = YES_AGGRESSIVE;
				CLANG_WARN_UNREACHABLE_CODE = YES;
				CLANG_WARN__DUPLICATE_METHOD_MATCH = YES;
				CODE_SIGN_IDENTITY = "iPhone Developer";
				COPY_PHASE_STRIP = NO;
				DEBUG_INFORMATION_FORMAT = "dwarf-with-dsym";
				ENABLE_NS_ASSERTIONS = NO;
				ENABLE_STRICT_OBJC_MSGSEND = YES;
				GCC_C_LANGUAGE_STANDARD = gnu11;
				GCC_NO_COMMON_BLOCKS = YES;
				GCC_WARN_64_TO_32_BIT_CONVERSION = YES;
				GCC_WARN_ABOUT_RETURN_TYPE = YES_ERROR;
				GCC_WARN_UNDECLARED_SELECTOR = YES;
				GCC_WARN_UNINITIALIZED_AUTOS = YES_AGGRESSIVE;
				GCC_WARN_UNUSED_FUNCTION = YES;
				GCC_WARN_UNUSED_VARIABLE = YES;
				IPHONEOS_DEPLOYMENT_TARGET = 11.0;
				MTL_ENABLE_DEBUG_INFO = NO;
				SDKROOT = iphoneos;
				SWIFT_OPTIMIZATION_LEVEL = "-Owholemodule";
				VALIDATE_PRODUCT = YES;
			};
			name = Release;
		};
		AB5058061F9605A7005262D4 /* Debug */ = {
			isa = XCBuildConfiguration;
			buildSettings = {
				ASSETCATALOG_COMPILER_APPICON_NAME = AppIcon;
				CODE_SIGN_STYLE = Automatic;
				DEVELOPMENT_TEAM = 9DYMKXHBMZ;
				INFOPLIST_FILE = FirstApp/Info.plist;
				LD_RUNPATH_SEARCH_PATHS = "$(inherited) @executable_path/Frameworks";
				PRODUCT_BUNDLE_IDENTIFIER = com.csu.ios.FirstApp;
				PRODUCT_NAME = "$(TARGET_NAME)";
				SWIFT_VERSION = 4.0;
				TARGETED_DEVICE_FAMILY = "1,2";
			};
			name = Debug;
		};
		AB5058071F9605A7005262D4 /* Release */ = {
			isa = XCBuildConfiguration;
			buildSettings = {
				ASSETCATALOG_COMPILER_APPICON_NAME = AppIcon;
				CODE_SIGN_STYLE = Automatic;
				DEVELOPMENT_TEAM = 9DYMKXHBMZ;
				INFOPLIST_FILE = FirstApp/Info.plist;
				LD_RUNPATH_SEARCH_PATHS = "$(inherited) @executable_path/Frameworks";
				PRODUCT_BUNDLE_IDENTIFIER = com.csu.ios.FirstApp;
				PRODUCT_NAME = "$(TARGET_NAME)";
				SWIFT_VERSION = 4.0;
				TARGETED_DEVICE_FAMILY = "1,2";
			};
			name = Release;
		};
		AB5058091F9605A7005262D4 /* Debug */ = {
			isa = XCBuildConfiguration;
			buildSettings = {
				ALWAYS_EMBED_SWIFT_STANDARD_LIBRARIES = YES;
				BUNDLE_LOADER = "$(TEST_HOST)";
				CODE_SIGN_STYLE = Automatic;
				DEVELOPMENT_TEAM = 9DYMKXHBMZ;
				INFOPLIST_FILE = FirstAppTests/Info.plist;
				LD_RUNPATH_SEARCH_PATHS = "$(inherited) @executable_path/Frameworks @loader_path/Frameworks";
				PRODUCT_BUNDLE_IDENTIFIER = com.csu.ios.FirstAppTests;
				PRODUCT_NAME = "$(TARGET_NAME)";
				SWIFT_VERSION = 4.0;
				TARGETED_DEVICE_FAMILY = "1,2";
				TEST_HOST = "$(BUILT_PRODUCTS_DIR)/FirstApp.app/FirstApp";
			};
			name = Debug;
		};
		AB50580A1F9605A7005262D4 /* Release */ = {
			isa = XCBuildConfiguration;
			buildSettings = {
				ALWAYS_EMBED_SWIFT_STANDARD_LIBRARIES = YES;
				BUNDLE_LOADER = "$(TEST_HOST)";
				CODE_SIGN_STYLE = Automatic;
				DEVELOPMENT_TEAM = 9DYMKXHBMZ;
				INFOPLIST_FILE = FirstAppTests/Info.plist;
				LD_RUNPATH_SEARCH_PATHS = "$(inherited) @executable_path/Frameworks @loader_path/Frameworks";
				PRODUCT_BUNDLE_IDENTIFIER = com.csu.ios.FirstAppTests;
				PRODUCT_NAME = "$(TARGET_NAME)";
				SWIFT_VERSION = 4.0;
				TARGETED_DEVICE_FAMILY = "1,2";
				TEST_HOST = "$(BUILT_PRODUCTS_DIR)/FirstApp.app/FirstApp";
			};
			name = Release;
		};
		AB50580C1F9605A7005262D4 /* Debug */ = {
			isa = XCBuildConfiguration;
			buildSettings = {
				ALWAYS_EMBED_SWIFT_STANDARD_LIBRARIES = YES;
				CODE_SIGN_STYLE = Automatic;
				DEVELOPMENT_TEAM = 9DYMKXHBMZ;
				INFOPLIST_FILE = FirstAppUITests/Info.plist;
				LD_RUNPATH_SEARCH_PATHS = "$(inherited) @executable_path/Frameworks @loader_path/Frameworks";
				PRODUCT_BUNDLE_IDENTIFIER = com.csu.ios.FirstAppUITests;
				PRODUCT_NAME = "$(TARGET_NAME)";
				SWIFT_VERSION = 4.0;
				TARGETED_DEVICE_FAMILY = "1,2";
				TEST_TARGET_NAME = FirstApp;
			};
			name = Debug;
		};
		AB50580D1F9605A7005262D4 /* Release */ = {
			isa = XCBuildConfiguration;
			buildSettings = {
				ALWAYS_EMBED_SWIFT_STANDARD_LIBRARIES = YES;
				CODE_SIGN_STYLE = Automatic;
				DEVELOPMENT_TEAM = 9DYMKXHBMZ;
				INFOPLIST_FILE = FirstAppUITests/Info.plist;
				LD_RUNPATH_SEARCH_PATHS = "$(inherited) @executable_path/Frameworks @loader_path/Frameworks";
				PRODUCT_BUNDLE_IDENTIFIER = com.csu.ios.FirstAppUITests;
				PRODUCT_NAME = "$(TARGET_NAME)";
				SWIFT_VERSION = 4.0;
				TARGETED_DEVICE_FAMILY = "1,2";
				TEST_TARGET_NAME = FirstApp;
			};
			name = Release;
		};
/* End XCBuildConfiguration section */

/* Begin XCConfigurationList section */
		AB5057D81F9605A7005262D4 /* Build configuration list for PBXProject "FirstApp" */ = {
			isa = XCConfigurationList;
			buildConfigurations = (
				AB5058031F9605A7005262D4 /* Debug */,
				AB5058041F9605A7005262D4 /* Release */,
			);
			defaultConfigurationIsVisible = 0;
			defaultConfigurationName = Release;
		};
		AB5058051F9605A7005262D4 /* Build configuration list for PBXNativeTarget "FirstApp" */ = {
			isa = XCConfigurationList;
			buildConfigurations = (
				AB5058061F9605A7005262D4 /* Debug */,
				AB5058071F9605A7005262D4 /* Release */,
			);
			defaultConfigurationIsVisible = 0;
			defaultConfigurationName = Release;
		};
		AB5058081F9605A7005262D4 /* Build configuration list for PBXNativeTarget "FirstAppTests" */ = {
			isa = XCConfigurationList;
			buildConfigurations = (
				AB5058091F9605A7005262D4 /* Debug */,
				AB50580A1F9605A7005262D4 /* Release */,
			);
			defaultConfigurationIsVisible = 0;
			defaultConfigurationName = Release;
		};
		AB50580B1F9605A7005262D4 /* Build configuration list for PBXNativeTarget "FirstAppUITests" */ = {
			isa = XCConfigurationList;
			buildConfigurations = (
				AB50580C1F9605A7005262D4 /* Debug */,
				AB50580D1F9605A7005262D4 /* Release */,
			);
			defaultConfigurationIsVisible = 0;
			defaultConfigurationName = Release;
		};
/* End XCConfigurationList section */
	};
	rootObject = AB5057D51F9605A7005262D4 /* Project object */;
}
